// !$*UTF8*$!
{
	archiveVersion = 1;
	classes = {
	};
	objectVersion = 54;
	objects = {

/* Begin PBXBuildFile section */
		0C80B921A6F3F58F76C31292 /* libPods-BurjX.a in Frameworks */ = {isa = PBXBuildFile; fileRef = 5DCACB8F33CDC322A6C60F78 /* libPods-BurjX.a */; };
		1212B225B5901D68497C5F30 /* PrivacyInfo.xcprivacy in Resources */ = {isa = PBXBuildFile; fileRef = 13B07FB81A68108700A75B9A /* PrivacyInfo.xcprivacy */; };
		13B07FBF1A68108700A75B9A /* Images.xcassets in Resources */ = {isa = PBXBuildFile; fileRef = 13B07FB51A68108700A75B9A /* Images.xcassets */; };
		761780ED2CA45674006654EE /* AppDelegate.swift in Sources */ = {isa = PBXBuildFile; fileRef = 761780EC2CA45674006654EE /* AppDelegate.swift */; };
		81AB9BB82411601600AC10FF /* LaunchScreen.storyboard in Resources */ = {isa = PBXBuildFile; fileRef = 81AB9BB72411601600AC10FF /* LaunchScreen.storyboard */; };
		0CC57F6F49424C0C857F203B /* LufgaBlack.ttf in Resources */ = {isa = PBXBuildFile; fileRef = 8C95C10846B54F4DBA7B7F9B /* LufgaBlack.ttf */; };
		0EFEB0AD170D4AA79AD09B68 /* LufgaBlackItalic.ttf in Resources */ = {isa = PBXBuildFile; fileRef = E2989EDCAF8D4CC8AE623B27 /* LufgaBlackItalic.ttf */; };
		51581AE6849944CAA26F985B /* LufgaBold.ttf in Resources */ = {isa = PBXBuildFile; fileRef = 2FBF58A0487D4E30B912E7EA /* LufgaBold.ttf */; };
		08586D0B14314604A47195CD /* LufgaBoldItalic.ttf in Resources */ = {isa = PBXBuildFile; fileRef = 7E10488BBBF840AD8B38AA0B /* LufgaBoldItalic.ttf */; };
		34BCB01EFB8B471FB3B0DA9E /* LufgaExtraBold.ttf in Resources */ = {isa = PBXBuildFile; fileRef = 137CDC7BA185477A97A6F1DC /* LufgaExtraBold.ttf */; };
		3CDD08BF40FB4962B0B84117 /* LufgaExtraBoldItalic.ttf in Resources */ = {isa = PBXBuildFile; fileRef = CD3B2CF547234ADD83FA6CA4 /* LufgaExtraBoldItalic.ttf */; };
		E58D4FE8E35F4F99910A311A /* LufgaExtraLight.ttf in Resources */ = {isa = PBXBuildFile; fileRef = 36816D5FCAD94969B987DA74 /* LufgaExtraLight.ttf */; };
		55ABF224F45C4EF2BBC45461 /* LufgaExtraLightItalic.ttf in Resources */ = {isa = PBXBuildFile; fileRef = 7D05826364B34B70A4A01B25 /* LufgaExtraLightItalic.ttf */; };
		8AA1B40C99814B28BDDD904A /* LufgaItalic.ttf in Resources */ = {isa = PBXBuildFile; fileRef = 28351348C1CC4BEF88180BCA /* LufgaItalic.ttf */; };
		3D3FD719A94D4B599055E79E /* LufgaLight.ttf in Resources */ = {isa = PBXBuildFile; fileRef = 1139CEB5ABD8497D9BCECA29 /* LufgaLight.ttf */; };
		0BD59E234D104A3B9DE5A347 /* LufgaLightItalic.ttf in Resources */ = {isa = PBXBuildFile; fileRef = 675A5BC2BDE442EDB81DF87E /* LufgaLightItalic.ttf */; };
		9968F323CA614469BA44AADE /* LufgaMedium.ttf in Resources */ = {isa = PBXBuildFile; fileRef = 168F9558E6F748E295AF1268 /* LufgaMedium.ttf */; };
		B810477425D240A1B97B47D8 /* LufgaMediumItalic.ttf in Resources */ = {isa = PBXBuildFile; fileRef = 512955A23AC94794A8E3275F /* LufgaMediumItalic.ttf */; };
		C3ABA5BCFEBD4981B0C0E12B /* LufgaRegular.ttf in Resources */ = {isa = PBXBuildFile; fileRef = 8871CB1F31124E9C9A31B565 /* LufgaRegular.ttf */; };
		08041CEAC9BC46D6B2BE33C1 /* LufgaSemiBold.ttf in Resources */ = {isa = PBXBuildFile; fileRef = A8140758DD2948879E5A933C /* LufgaSemiBold.ttf */; };
		7A8D860820E047F6A6E0EDCB /* LufgaSemiBoldItalic.ttf in Resources */ = {isa = PBXBuildFile; fileRef = 69368C21C5B04BB0AC7B20E9 /* LufgaSemiBoldItalic.ttf */; };
		D360C349CC6C409A8083D4E5 /* LufgaThin.ttf in Resources */ = {isa = PBXBuildFile; fileRef = 1AB384F6865949F8AE394037 /* LufgaThin.ttf */; };
		952E866B75B24339A32CF0D9 /* LufgaThinItalic.ttf in Resources */ = {isa = PBXBuildFile; fileRef = 5BDEAFDA809C453B9EB811B2 /* LufgaThinItalic.ttf */; };
/* End PBXBuildFile section */

/* Begin PBXFileReference section */
		13B07F961A680F5B00A75B9A /* BurjX.app */ = {isa = PBXFileReference; explicitFileType = wrapper.application; includeInIndex = 0; path = BurjX.app; sourceTree = BUILT_PRODUCTS_DIR; };
		13B07FB51A68108700A75B9A /* Images.xcassets */ = {isa = PBXFileReference; lastKnownFileType = folder.assetcatalog; name = Images.xcassets; path = BurjX/Images.xcassets; sourceTree = "<group>"; };
		13B07FB61A68108700A75B9A /* Info.plist */ = {isa = PBXFileReference; fileEncoding = 4; lastKnownFileType = text.plist.xml; name = Info.plist; path = BurjX/Info.plist; sourceTree = "<group>"; };
		13B07FB81A68108700A75B9A /* PrivacyInfo.xcprivacy */ = {isa = PBXFileReference; fileEncoding = 4; lastKnownFileType = text.plist.xml; name = PrivacyInfo.xcprivacy; path = BurjX/PrivacyInfo.xcprivacy; sourceTree = "<group>"; };
		3B4392A12AC88292D35C810B /* Pods-BurjX.debug.xcconfig */ = {isa = PBXFileReference; includeInIndex = 1; lastKnownFileType = text.xcconfig; name = "Pods-BurjX.debug.xcconfig"; path = "Target Support Files/Pods-BurjX/Pods-BurjX.debug.xcconfig"; sourceTree = "<group>"; };
		5709B34CF0A7D63546082F79 /* Pods-BurjX.release.xcconfig */ = {isa = PBXFileReference; includeInIndex = 1; lastKnownFileType = text.xcconfig; name = "Pods-BurjX.release.xcconfig"; path = "Target Support Files/Pods-BurjX/Pods-BurjX.release.xcconfig"; sourceTree = "<group>"; };
		5DCACB8F33CDC322A6C60F78 /* libPods-BurjX.a */ = {isa = PBXFileReference; explicitFileType = archive.ar; includeInIndex = 0; path = "libPods-BurjX.a"; sourceTree = BUILT_PRODUCTS_DIR; };
		761780EC2CA45674006654EE /* AppDelegate.swift */ = {isa = PBXFileReference; lastKnownFileType = sourcecode.swift; name = AppDelegate.swift; path = BurjX/AppDelegate.swift; sourceTree = "<group>"; };
		81AB9BB72411601600AC10FF /* LaunchScreen.storyboard */ = {isa = PBXFileReference; fileEncoding = 4; lastKnownFileType = file.storyboard; name = LaunchScreen.storyboard; path = BurjX/LaunchScreen.storyboard; sourceTree = "<group>"; };
		ED297162215061F000B7C4FE /* JavaScriptCore.framework */ = {isa = PBXFileReference; lastKnownFileType = wrapper.framework; name = JavaScriptCore.framework; path = System/Library/Frameworks/JavaScriptCore.framework; sourceTree = SDKROOT; };
		8C95C10846B54F4DBA7B7F9B /* LufgaBlack.ttf */ = {isa = PBXFileReference; name = "LufgaBlack.ttf"; path = "../assets/fonts/LufgaBlack.ttf"; sourceTree = "<group>"; fileEncoding = undefined; lastKnownFileType = unknown; explicitFileType = undefined; includeInIndex = 0; };
		E2989EDCAF8D4CC8AE623B27 /* LufgaBlackItalic.ttf */ = {isa = PBXFileReference; name = "LufgaBlackItalic.ttf"; path = "../assets/fonts/LufgaBlackItalic.ttf"; sourceTree = "<group>"; fileEncoding = undefined; lastKnownFileType = unknown; explicitFileType = undefined; includeInIndex = 0; };
		2FBF58A0487D4E30B912E7EA /* LufgaBold.ttf */ = {isa = PBXFileReference; name = "LufgaBold.ttf"; path = "../assets/fonts/LufgaBold.ttf"; sourceTree = "<group>"; fileEncoding = undefined; lastKnownFileType = unknown; explicitFileType = undefined; includeInIndex = 0; };
		7E10488BBBF840AD8B38AA0B /* LufgaBoldItalic.ttf */ = {isa = PBXFileReference; name = "LufgaBoldItalic.ttf"; path = "../assets/fonts/LufgaBoldItalic.ttf"; sourceTree = "<group>"; fileEncoding = undefined; lastKnownFileType = unknown; explicitFileType = undefined; includeInIndex = 0; };
		137CDC7BA185477A97A6F1DC /* LufgaExtraBold.ttf */ = {isa = PBXFileReference; name = "LufgaExtraBold.ttf"; path = "../assets/fonts/LufgaExtraBold.ttf"; sourceTree = "<group>"; fileEncoding = undefined; lastKnownFileType = unknown; explicitFileType = undefined; includeInIndex = 0; };
		CD3B2CF547234ADD83FA6CA4 /* LufgaExtraBoldItalic.ttf */ = {isa = PBXFileReference; name = "LufgaExtraBoldItalic.ttf"; path = "../assets/fonts/LufgaExtraBoldItalic.ttf"; sourceTree = "<group>"; fileEncoding = undefined; lastKnownFileType = unknown; explicitFileType = undefined; includeInIndex = 0; };
		36816D5FCAD94969B987DA74 /* LufgaExtraLight.ttf */ = {isa = PBXFileReference; name = "LufgaExtraLight.ttf"; path = "../assets/fonts/LufgaExtraLight.ttf"; sourceTree = "<group>"; fileEncoding = undefined; lastKnownFileType = unknown; explicitFileType = undefined; includeInIndex = 0; };
		7D05826364B34B70A4A01B25 /* LufgaExtraLightItalic.ttf */ = {isa = PBXFileReference; name = "LufgaExtraLightItalic.ttf"; path = "../assets/fonts/LufgaExtraLightItalic.ttf"; sourceTree = "<group>"; fileEncoding = undefined; lastKnownFileType = unknown; explicitFileType = undefined; includeInIndex = 0; };
		28351348C1CC4BEF88180BCA /* LufgaItalic.ttf */ = {isa = PBXFileReference; name = "LufgaItalic.ttf"; path = "../assets/fonts/LufgaItalic.ttf"; sourceTree = "<group>"; fileEncoding = undefined; lastKnownFileType = unknown; explicitFileType = undefined; includeInIndex = 0; };
		1139CEB5ABD8497D9BCECA29 /* LufgaLight.ttf */ = {isa = PBXFileReference; name = "LufgaLight.ttf"; path = "../assets/fonts/LufgaLight.ttf"; sourceTree = "<group>"; fileEncoding = undefined; lastKnownFileType = unknown; explicitFileType = undefined; includeInIndex = 0; };
		675A5BC2BDE442EDB81DF87E /* LufgaLightItalic.ttf */ = {isa = PBXFileReference; name = "LufgaLightItalic.ttf"; path = "../assets/fonts/LufgaLightItalic.ttf"; sourceTree = "<group>"; fileEncoding = undefined; lastKnownFileType = unknown; explicitFileType = undefined; includeInIndex = 0; };
		168F9558E6F748E295AF1268 /* LufgaMedium.ttf */ = {isa = PBXFileReference; name = "LufgaMedium.ttf"; path = "../assets/fonts/LufgaMedium.ttf"; sourceTree = "<group>"; fileEncoding = undefined; lastKnownFileType = unknown; explicitFileType = undefined; includeInIndex = 0; };
		512955A23AC94794A8E3275F /* LufgaMediumItalic.ttf */ = {isa = PBXFileReference; name = "LufgaMediumItalic.ttf"; path = "../assets/fonts/LufgaMediumItalic.ttf"; sourceTree = "<group>"; fileEncoding = undefined; lastKnownFileType = unknown; explicitFileType = undefined; includeInIndex = 0; };
		8871CB1F31124E9C9A31B565 /* LufgaRegular.ttf */ = {isa = PBXFileReference; name = "LufgaRegular.ttf"; path = "../assets/fonts/LufgaRegular.ttf"; sourceTree = "<group>"; fileEncoding = undefined; lastKnownFileType = unknown; explicitFileType = undefined; includeInIndex = 0; };
		A8140758DD2948879E5A933C /* LufgaSemiBold.ttf */ = {isa = PBXFileReference; name = "LufgaSemiBold.ttf"; path = "../assets/fonts/LufgaSemiBold.ttf"; sourceTree = "<group>"; fileEncoding = undefined; lastKnownFileType = unknown; explicitFileType = undefined; includeInIndex = 0; };
		69368C21C5B04BB0AC7B20E9 /* LufgaSemiBoldItalic.ttf */ = {isa = PBXFileReference; name = "LufgaSemiBoldItalic.ttf"; path = "../assets/fonts/LufgaSemiBoldItalic.ttf"; sourceTree = "<group>"; fileEncoding = undefined; lastKnownFileType = unknown; explicitFileType = undefined; includeInIndex = 0; };
		1AB384F6865949F8AE394037 /* LufgaThin.ttf */ = {isa = PBXFileReference; name = "LufgaThin.ttf"; path = "../assets/fonts/LufgaThin.ttf"; sourceTree = "<group>"; fileEncoding = undefined; lastKnownFileType = unknown; explicitFileType = undefined; includeInIndex = 0; };
		5BDEAFDA809C453B9EB811B2 /* LufgaThinItalic.ttf */ = {isa = PBXFileReference; name = "LufgaThinItalic.ttf"; path = "../assets/fonts/LufgaThinItalic.ttf"; sourceTree = "<group>"; fileEncoding = undefined; lastKnownFileType = unknown; explicitFileType = undefined; includeInIndex = 0; };
/* End PBXFileReference section */

/* Begin PBXFrameworksBuildPhase section */
		13B07F8C1A680F5B00A75B9A /* Frameworks */ = {
			isa = PBXFrameworksBuildPhase;
			buildActionMask = 2147483647;
			files = (
				0C80B921A6F3F58F76C31292 /* libPods-BurjX.a in Frameworks */,
			);
			runOnlyForDeploymentPostprocessing = 0;
		};
/* End PBXFrameworksBuildPhase section */

/* Begin PBXGroup section */
		13B07FAE1A68108700A75B9A /* BurjX */ = {
			isa = PBXGroup;
			children = (
				13B07FB51A68108700A75B9A /* Images.xcassets */,
				761780EC2CA45674006654EE /* AppDelegate.swift */,
				13B07FB61A68108700A75B9A /* Info.plist */,
				81AB9BB72411601600AC10FF /* LaunchScreen.storyboard */,
				13B07FB81A68108700A75B9A /* PrivacyInfo.xcprivacy */,
			);
			name = BurjX;
			sourceTree = "<group>";
		};
		2D16E6871FA4F8E400B85C8A /* Frameworks */ = {
			isa = PBXGroup;
			children = (
				ED297162215061F000B7C4FE /* JavaScriptCore.framework */,
				5DCACB8F33CDC322A6C60F78 /* libPods-BurjX.a */,
			);
			name = Frameworks;
			sourceTree = "<group>";
		};
		832341AE1AAA6A7D00B99B32 /* Libraries */ = {
			isa = PBXGroup;
			children = (
			);
			name = Libraries;
			sourceTree = "<group>";
		};
		83CBB9F61A601CBA00E9B192 = {
			isa = PBXGroup;
			children = (
				13B07FAE1A68108700A75B9A /* BurjX */,
				832341AE1AAA6A7D00B99B32 /* Libraries */,
				83CBBA001A601CBA00E9B192 /* Products */,
				2D16E6871FA4F8E400B85C8A /* Frameworks */,
				BBD78D7AC51CEA395F1C20DB /* Pods */,
				A1B2290D2B1545579B48487A /* Resources */,
			);
			indentWidth = 2;
			sourceTree = "<group>";
			tabWidth = 2;
			usesTabs = 0;
		};
		83CBBA001A601CBA00E9B192 /* Products */ = {
			isa = PBXGroup;
			children = (
				13B07F961A680F5B00A75B9A /* BurjX.app */,
			);
			name = Products;
			sourceTree = "<group>";
		};
		BBD78D7AC51CEA395F1C20DB /* Pods */ = {
			isa = PBXGroup;
			children = (
				3B4392A12AC88292D35C810B /* Pods-BurjX.debug.xcconfig */,
				5709B34CF0A7D63546082F79 /* Pods-BurjX.release.xcconfig */,
			);
			path = Pods;
			sourceTree = "<group>";
		};
		A1B2290D2B1545579B48487A /* Resources */ = {
			isa = "PBXGroup";
			children = (
				8C95C10846B54F4DBA7B7F9B /* LufgaBlack.ttf */,
				E2989EDCAF8D4CC8AE623B27 /* LufgaBlackItalic.ttf */,
				2FBF58A0487D4E30B912E7EA /* LufgaBold.ttf */,
				7E10488BBBF840AD8B38AA0B /* LufgaBoldItalic.ttf */,
				137CDC7BA185477A97A6F1DC /* LufgaExtraBold.ttf */,
				CD3B2CF547234ADD83FA6CA4 /* LufgaExtraBoldItalic.ttf */,
				36816D5FCAD94969B987DA74 /* LufgaExtraLight.ttf */,
				7D05826364B34B70A4A01B25 /* LufgaExtraLightItalic.ttf */,
				28351348C1CC4BEF88180BCA /* LufgaItalic.ttf */,
				1139CEB5ABD8497D9BCECA29 /* LufgaLight.ttf */,
				675A5BC2BDE442EDB81DF87E /* LufgaLightItalic.ttf */,
				168F9558E6F748E295AF1268 /* LufgaMedium.ttf */,
				512955A23AC94794A8E3275F /* LufgaMediumItalic.ttf */,
				8871CB1F31124E9C9A31B565 /* LufgaRegular.ttf */,
				A8140758DD2948879E5A933C /* LufgaSemiBold.ttf */,
				69368C21C5B04BB0AC7B20E9 /* LufgaSemiBoldItalic.ttf */,
				1AB384F6865949F8AE394037 /* LufgaThin.ttf */,
				5BDEAFDA809C453B9EB811B2 /* LufgaThinItalic.ttf */,
			);
			name = Resources;
			sourceTree = "<group>";
			path = "";
		};
/* End PBXGroup section */

/* Begin PBXNativeTarget section */
		13B07F861A680F5B00A75B9A /* BurjX */ = {
			isa = PBXNativeTarget;
			buildConfigurationList = 13B07F931A680F5B00A75B9A /* Build configuration list for PBXNativeTarget "BurjX" */;
			buildPhases = (
				C38B50BA6285516D6DCD4F65 /* [CP] Check Pods Manifest.lock */,
				13B07F871A680F5B00A75B9A /* Sources */,
				13B07F8C1A680F5B00A75B9A /* Frameworks */,
				13B07F8E1A680F5B00A75B9A /* Resources */,
				00DD1BFF1BD5951E006B06BC /* Bundle React Native code and images */,
				00EEFC60759A1932668264C0 /* [CP] Embed Pods Frameworks */,
				E235C05ADACE081382539298 /* [CP] Copy Pods Resources */,
			);
			buildRules = (
			);
			dependencies = (
			);
			name = BurjX;
			productName = BurjX;
			productReference = 13B07F961A680F5B00A75B9A /* BurjX.app */;
			productType = "com.apple.product-type.application";
		};
/* End PBXNativeTarget section */

/* Begin PBXProject section */
		83CBB9F71A601CBA00E9B192 /* Project object */ = {
			isa = PBXProject;
			attributes = {
				LastUpgradeCheck = 1210;
				TargetAttributes = {
					13B07F861A680F5B00A75B9A = {
						LastSwiftMigration = 1120;
					};
				};
			};
			buildConfigurationList = 83CBB9FA1A601CBA00E9B192 /* Build configuration list for PBXProject "BurjX" */;
			compatibilityVersion = "Xcode 12.0";
			developmentRegion = en;
			hasScannedForEncodings = 0;
			knownRegions = (
				en,
				Base,
			);
			mainGroup = 83CBB9F61A601CBA00E9B192;
			productRefGroup = 83CBBA001A601CBA00E9B192 /* Products */;
			projectDirPath = "";
			projectRoot = "";
			targets = (
				13B07F861A680F5B00A75B9A /* BurjX */,
			);
		};
/* End PBXProject section */

/* Begin PBXResourcesBuildPhase section */
		13B07F8E1A680F5B00A75B9A /* Resources */ = {
			isa = PBXResourcesBuildPhase;
			buildActionMask = 2147483647;
			files = (
				81AB9BB82411601600AC10FF /* LaunchScreen.storyboard in Resources */,
				13B07FBF1A68108700A75B9A /* Images.xcassets in Resources */,
				1212B225B5901D68497C5F30 /* PrivacyInfo.xcprivacy in Resources */,
				0CC57F6F49424C0C857F203B /* LufgaBlack.ttf in Resources */,
				0EFEB0AD170D4AA79AD09B68 /* LufgaBlackItalic.ttf in Resources */,
				51581AE6849944CAA26F985B /* LufgaBold.ttf in Resources */,
				08586D0B14314604A47195CD /* LufgaBoldItalic.ttf in Resources */,
				34BCB01EFB8B471FB3B0DA9E /* LufgaExtraBold.ttf in Resources */,
				3CDD08BF40FB4962B0B84117 /* LufgaExtraBoldItalic.ttf in Resources */,
				E58D4FE8E35F4F99910A311A /* LufgaExtraLight.ttf in Resources */,
				55ABF224F45C4EF2BBC45461 /* LufgaExtraLightItalic.ttf in Resources */,
				8AA1B40C99814B28BDDD904A /* LufgaItalic.ttf in Resources */,
				3D3FD719A94D4B599055E79E /* LufgaLight.ttf in Resources */,
				0BD59E234D104A3B9DE5A347 /* LufgaLightItalic.ttf in Resources */,
				9968F323CA614469BA44AADE /* LufgaMedium.ttf in Resources */,
				B810477425D240A1B97B47D8 /* LufgaMediumItalic.ttf in Resources */,
				C3ABA5BCFEBD4981B0C0E12B /* LufgaRegular.ttf in Resources */,
				08041CEAC9BC46D6B2BE33C1 /* LufgaSemiBold.ttf in Resources */,
				7A8D860820E047F6A6E0EDCB /* LufgaSemiBoldItalic.ttf in Resources */,
				D360C349CC6C409A8083D4E5 /* LufgaThin.ttf in Resources */,
				952E866B75B24339A32CF0D9 /* LufgaThinItalic.ttf in Resources */,
			);
			runOnlyForDeploymentPostprocessing = 0;
		};
/* End PBXResourcesBuildPhase section */

/* Begin PBXShellScriptBuildPhase section */
		00DD1BFF1BD5951E006B06BC /* Bundle React Native code and images */ = {
			isa = PBXShellScriptBuildPhase;
			buildActionMask = 2147483647;
			files = (
			);
			inputPaths = (
				"$(SRCROOT)/.xcode.env.local",
				"$(SRCROOT)/.xcode.env",
			);
			name = "Bundle React Native code and images";
			outputPaths = (
			);
			runOnlyForDeploymentPostprocessing = 0;
			shellPath = /bin/sh;
			shellScript = "set -e\n\nWITH_ENVIRONMENT=\"$REACT_NATIVE_PATH/scripts/xcode/with-environment.sh\"\nREACT_NATIVE_XCODE=\"$REACT_NATIVE_PATH/scripts/react-native-xcode.sh\"\n\n/bin/sh -c \"$WITH_ENVIRONMENT $REACT_NATIVE_XCODE\"\n";
		};
		00EEFC60759A1932668264C0 /* [CP] Embed Pods Frameworks */ = {
			isa = PBXShellScriptBuildPhase;
			buildActionMask = 2147483647;
			files = (
			);
			inputFileListPaths = (
				"${PODS_ROOT}/Target Support Files/Pods-BurjX/Pods-BurjX-frameworks-${CONFIGURATION}-input-files.xcfilelist",
			);
			name = "[CP] Embed Pods Frameworks";
			outputFileListPaths = (
				"${PODS_ROOT}/Target Support Files/Pods-BurjX/Pods-BurjX-frameworks-${CONFIGURATION}-output-files.xcfilelist",
			);
			runOnlyForDeploymentPostprocessing = 0;
			shellPath = /bin/sh;
			shellScript = "\"${PODS_ROOT}/Target Support Files/Pods-BurjX/Pods-BurjX-frameworks.sh\"\n";
			showEnvVarsInLog = 0;
		};
		C38B50BA6285516D6DCD4F65 /* [CP] Check Pods Manifest.lock */ = {
			isa = PBXShellScriptBuildPhase;
			buildActionMask = 2147483647;
			files = (
			);
			inputFileListPaths = (
			);
			inputPaths = (
				"${PODS_PODFILE_DIR_PATH}/Podfile.lock",
				"${PODS_ROOT}/Manifest.lock",
			);
			name = "[CP] Check Pods Manifest.lock";
			outputFileListPaths = (
			);
			outputPaths = (
				"$(DERIVED_FILE_DIR)/Pods-BurjX-checkManifestLockResult.txt",
			);
			runOnlyForDeploymentPostprocessing = 0;
			shellPath = /bin/sh;
			shellScript = "diff \"${PODS_PODFILE_DIR_PATH}/Podfile.lock\" \"${PODS_ROOT}/Manifest.lock\" > /dev/null\nif [ $? != 0 ] ; then\n    # print error to STDERR\n    echo \"error: The sandbox is not in sync with the Podfile.lock. Run 'pod install' or update your CocoaPods installation.\" >&2\n    exit 1\nfi\n# This output is used by Xcode 'outputs' to avoid re-running this script phase.\necho \"SUCCESS\" > \"${SCRIPT_OUTPUT_FILE_0}\"\n";
			showEnvVarsInLog = 0;
		};
		E235C05ADACE081382539298 /* [CP] Copy Pods Resources */ = {
			isa = PBXShellScriptBuildPhase;
			buildActionMask = 2147483647;
			files = (
			);
			inputFileListPaths = (
				"${PODS_ROOT}/Target Support Files/Pods-BurjX/Pods-BurjX-resources-${CONFIGURATION}-input-files.xcfilelist",
			);
			name = "[CP] Copy Pods Resources";
			outputFileListPaths = (
				"${PODS_ROOT}/Target Support Files/Pods-BurjX/Pods-BurjX-resources-${CONFIGURATION}-output-files.xcfilelist",
			);
			runOnlyForDeploymentPostprocessing = 0;
			shellPath = /bin/sh;
			shellScript = "\"${PODS_ROOT}/Target Support Files/Pods-BurjX/Pods-BurjX-resources.sh\"\n";
			showEnvVarsInLog = 0;
		};
/* End PBXShellScriptBuildPhase section */

/* Begin PBXSourcesBuildPhase section */
		13B07F871A680F5B00A75B9A /* Sources */ = {
			isa = PBXSourcesBuildPhase;
			buildActionMask = 2147483647;
			files = (
				761780ED2CA45674006654EE /* AppDelegate.swift in Sources */,
			);
			runOnlyForDeploymentPostprocessing = 0;
		};
/* End PBXSourcesBuildPhase section */

/* Begin XCBuildConfiguration section */
		13B07F941A680F5B00A75B9A /* Debug */ = {
			isa = XCBuildConfiguration;
			baseConfigurationReference = 3B4392A12AC88292D35C810B /* Pods-BurjX.debug.xcconfig */;
			buildSettings = {
				ASSETCATALOG_COMPILER_APPICON_NAME = AppIcon;
				CLANG_ENABLE_MODULES = YES;
				CURRENT_PROJECT_VERSION = 1;
				ENABLE_BITCODE = NO;
				INFOPLIST_FILE = BurjX/Info.plist;
				IPHONEOS_DEPLOYMENT_TARGET = 15.1;
				LD_RUNPATH_SEARCH_PATHS = (
					"$(inherited)",
					"@executable_path/Frameworks",
				);
				MARKETING_VERSION = 1.0;
				OTHER_LDFLAGS = (
					"$(inherited)",
					"-ObjC",
					"-lc++",
				);
				PRODUCT_BUNDLE_IDENTIFIER = "org.reactjs.native.example.$(PRODUCT_NAME:rfc1034identifier)";
				PRODUCT_NAME = BurjX;
				SWIFT_OPTIMIZATION_LEVEL = "-Onone";
				SWIFT_VERSION = 5.0;
				VERSIONING_SYSTEM = "apple-generic";
			};
			name = Debug;
		};
		13B07F951A680F5B00A75B9A /* Release */ = {
			isa = XCBuildConfiguration;
			baseConfigurationReference = 5709B34CF0A7D63546082F79 /* Pods-BurjX.release.xcconfig */;
			buildSettings = {
				ASSETCATALOG_COMPILER_APPICON_NAME = AppIcon;
				CLANG_ENABLE_MODULES = YES;
				CURRENT_PROJECT_VERSION = 1;
				INFOPLIST_FILE = BurjX/Info.plist;
				IPHONEOS_DEPLOYMENT_TARGET = 15.1;
				LD_RUNPATH_SEARCH_PATHS = (
					"$(inherited)",
					"@executable_path/Frameworks",
				);
				MARKETING_VERSION = 1.0;
				OTHER_LDFLAGS = (
					"$(inherited)",
					"-ObjC",
					"-lc++",
				);
				PRODUCT_BUNDLE_IDENTIFIER = "org.reactjs.native.example.$(PRODUCT_NAME:rfc1034identifier)";
				PRODUCT_NAME = BurjX;
				SWIFT_VERSION = 5.0;
				VERSIONING_SYSTEM = "apple-generic";
			};
			name = Release;
		};
		83CBBA201A601CBA00E9B192 /* Debug */ = {
			isa = XCBuildConfiguration;
			buildSettings = {
				ALWAYS_SEARCH_USER_PATHS = NO;
				CLANG_ANALYZER_LOCALIZABILITY_NONLOCALIZED = YES;
				CLANG_CXX_LANGUAGE_STANDARD = "c++20";
				CLANG_CXX_LIBRARY = "libc++";
				CLANG_ENABLE_MODULES = YES;
				CLANG_ENABLE_OBJC_ARC = YES;
				CLANG_WARN_BLOCK_CAPTURE_AUTORELEASING = YES;
				CLANG_WARN_BOOL_CONVERSION = YES;
				CLANG_WARN_COMMA = YES;
				CLANG_WARN_CONSTANT_CONVERSION = YES;
				CLANG_WARN_DEPRECATED_OBJC_IMPLEMENTATIONS = YES;
				CLANG_WARN_DIRECT_OBJC_ISA_USAGE = YES_ERROR;
				CLANG_WARN_EMPTY_BODY = YES;
				CLANG_WARN_ENUM_CONVERSION = YES;
				CLANG_WARN_INFINITE_RECURSION = YES;
				CLANG_WARN_INT_CONVERSION = YES;
				CLANG_WARN_NON_LITERAL_NULL_CONVERSION = YES;
				CLANG_WARN_OBJC_IMPLICIT_RETAIN_SELF = YES;
				CLANG_WARN_OBJC_LITERAL_CONVERSION = YES;
				CLANG_WARN_OBJC_ROOT_CLASS = YES_ERROR;
				CLANG_WARN_QUOTED_INCLUDE_IN_FRAMEWORK_HEADER = YES;
				CLANG_WARN_RANGE_LOOP_ANALYSIS = YES;
				CLANG_WARN_STRICT_PROTOTYPES = YES;
				CLANG_WARN_SUSPICIOUS_MOVE = YES;
				CLANG_WARN_UNREACHABLE_CODE = YES;
				CLANG_WARN__DUPLICATE_METHOD_MATCH = YES;
				"CODE_SIGN_IDENTITY[sdk=iphoneos*]" = "iPhone Developer";
				COPY_PHASE_STRIP = NO;
				ENABLE_STRICT_OBJC_MSGSEND = YES;
				ENABLE_TESTABILITY = YES;
				"EXCLUDED_ARCHS[sdk=iphonesimulator*]" = "";
				GCC_C_LANGUAGE_STANDARD = gnu99;
				GCC_DYNAMIC_NO_PIC = NO;
				GCC_NO_COMMON_BLOCKS = YES;
				GCC_OPTIMIZATION_LEVEL = 0;
				GCC_PREPROCESSOR_DEFINITIONS = (
					"DEBUG=1",
					"$(inherited)",
				);
				GCC_SYMBOLS_PRIVATE_EXTERN = NO;
				GCC_WARN_64_TO_32_BIT_CONVERSION = YES;
				GCC_WARN_ABOUT_RETURN_TYPE = YES_ERROR;
				GCC_WARN_UNDECLARED_SELECTOR = YES;
				GCC_WARN_UNINITIALIZED_AUTOS = YES_AGGRESSIVE;
				GCC_WARN_UNUSED_FUNCTION = YES;
				GCC_WARN_UNUSED_VARIABLE = YES;
				IPHONEOS_DEPLOYMENT_TARGET = 15.1;
				LD_RUNPATH_SEARCH_PATHS = (
					/usr/lib/swift,
					"$(inherited)",
				);
				LIBRARY_SEARCH_PATHS = (
					"\"$(SDKROOT)/usr/lib/swift\"",
					"\"$(TOOLCHAIN_DIR)/usr/lib/swift/$(PLATFORM_NAME)\"",
					"\"$(inherited)\"",
				);
				MTL_ENABLE_DEBUG_INFO = YES;
				ONLY_ACTIVE_ARCH = YES;
				OTHER_CPLUSPLUSFLAGS = (
					"$(OTHER_CFLAGS)",
					"-DFOLLY_NO_CONFIG",
					"-DFOLLY_MOBILE=1",
					"-DFOLLY_USE_LIBCPP=1",
					"-DFOLLY_CFG_NO_COROUTINES=1",
					"-DFOLLY_HAVE_CLOCK_GETTIME=1",
				);
				OTHER_LDFLAGS = (
					"$(inherited)",
					" ",
				);
				REACT_NATIVE_PATH = "${PODS_ROOT}/../../node_modules/react-native";
				SDKROOT = iphoneos;
				SWIFT_ACTIVE_COMPILATION_CONDITIONS = "$(inherited) DEBUG";
				USE_HERMES = true;
			};
			name = Debug;
		};
		83CBBA211A601CBA00E9B192 /* Release */ = {
			isa = XCBuildConfiguration;
			buildSettings = {
				ALWAYS_SEARCH_USER_PATHS = NO;
				CLANG_ANALYZER_LOCALIZABILITY_NONLOCALIZED = YES;
				CLANG_CXX_LANGUAGE_STANDARD = "c++20";
				CLANG_CXX_LIBRARY = "libc++";
				CLANG_ENABLE_MODULES = YES;
				CLANG_ENABLE_OBJC_ARC = YES;
				CLANG_WARN_BLOCK_CAPTURE_AUTORELEASING = YES;
				CLANG_WARN_BOOL_CONVERSION = YES;
				CLANG_WARN_COMMA = YES;
				CLANG_WARN_CONSTANT_CONVERSION = YES;
				CLANG_WARN_DEPRECATED_OBJC_IMPLEMENTATIONS = YES;
				CLANG_WARN_DIRECT_OBJC_ISA_USAGE = YES_ERROR;
				CLANG_WARN_EMPTY_BODY = YES;
				CLANG_WARN_ENUM_CONVERSION = YES;
				CLANG_WARN_INFINITE_RECURSION = YES;
				CLANG_WARN_INT_CONVERSION = YES;
				CLANG_WARN_NON_LITERAL_NULL_CONVERSION = YES;
				CLANG_WARN_OBJC_IMPLICIT_RETAIN_SELF = YES;
				CLANG_WARN_OBJC_LITERAL_CONVERSION = YES;
				CLANG_WARN_OBJC_ROOT_CLASS = YES_ERROR;
				CLANG_WARN_QUOTED_INCLUDE_IN_FRAMEWORK_HEADER = YES;
				CLANG_WARN_RANGE_LOOP_ANALYSIS = YES;
				CLANG_WARN_STRICT_PROTOTYPES = YES;
				CLANG_WARN_SUSPICIOUS_MOVE = YES;
				CLANG_WARN_UNREACHABLE_CODE = YES;
				CLANG_WARN__DUPLICATE_METHOD_MATCH = YES;
				"CODE_SIGN_IDENTITY[sdk=iphoneos*]" = "iPhone Developer";
				COPY_PHASE_STRIP = YES;
				ENABLE_NS_ASSERTIONS = NO;
				ENABLE_STRICT_OBJC_MSGSEND = YES;
				"EXCLUDED_ARCHS[sdk=iphonesimulator*]" = "";
				GCC_C_LANGUAGE_STANDARD = gnu99;
				GCC_NO_COMMON_BLOCKS = YES;
				GCC_WARN_64_TO_32_BIT_CONVERSION = YES;
				GCC_WARN_ABOUT_RETURN_TYPE = YES_ERROR;
				GCC_WARN_UNDECLARED_SELECTOR = YES;
				GCC_WARN_UNINITIALIZED_AUTOS = YES_AGGRESSIVE;
				GCC_WARN_UNUSED_FUNCTION = YES;
				GCC_WARN_UNUSED_VARIABLE = YES;
				IPHONEOS_DEPLOYMENT_TARGET = 15.1;
				LD_RUNPATH_SEARCH_PATHS = (
					/usr/lib/swift,
					"$(inherited)",
				);
				LIBRARY_SEARCH_PATHS = (
					"\"$(SDKROOT)/usr/lib/swift\"",
					"\"$(TOOLCHAIN_DIR)/usr/lib/swift/$(PLATFORM_NAME)\"",
					"\"$(inherited)\"",
				);
				MTL_ENABLE_DEBUG_INFO = NO;
				OTHER_CPLUSPLUSFLAGS = (
					"$(OTHER_CFLAGS)",
					"-DFOLLY_NO_CONFIG",
					"-DFOLLY_MOBILE=1",
					"-DFOLLY_USE_LIBCPP=1",
					"-DFOLLY_CFG_NO_COROUTINES=1",
					"-DFOLLY_HAVE_CLOCK_GETTIME=1",
				);
				OTHER_LDFLAGS = (
					"$(inherited)",
					" ",
				);
				REACT_NATIVE_PATH = "${PODS_ROOT}/../../node_modules/react-native";
				SDKROOT = iphoneos;
				USE_HERMES = true;
				VALIDATE_PRODUCT = YES;
			};
			name = Release;
		};
/* End XCBuildConfiguration section */

/* Begin XCConfigurationList section */
		13B07F931A680F5B00A75B9A /* Build configuration list for PBXNativeTarget "BurjX" */ = {
			isa = XCConfigurationList;
			buildConfigurations = (
				13B07F941A680F5B00A75B9A /* Debug */,
				13B07F951A680F5B00A75B9A /* Release */,
			);
			defaultConfigurationIsVisible = 0;
			defaultConfigurationName = Release;
		};
		83CBB9FA1A601CBA00E9B192 /* Build configuration list for PBXProject "BurjX" */ = {
			isa = XCConfigurationList;
			buildConfigurations = (
				83CBBA201A601CBA00E9B192 /* Debug */,
				83CBBA211A601CBA00E9B192 /* Release */,
			);
			defaultConfigurationIsVisible = 0;
			defaultConfigurationName = Release;
		};
/* End XCConfigurationList section */
	};
	rootObject = 83CBB9F71A601CBA00E9B192 /* Project object */;
}
